
Microsoft Visual Studio Solution File, Format Version 12.00
# Visual Studio Version 16
VisualStudioVersion = 16.0.33927.289
MinimumVisualStudioVersion = 10.0.40219.1
Project("{2150E333-8FDC-42A3-9474-1A3956D46DE8}") = "1", "1", "{D5274DA5-940D-4869-96AF-95D4F0AB413B}"
EndProject
Project("{FAE04EC0-301F-11D3-BF4B-00C04F79EFBC}") = "Tyuiu.IvanovJD.Sprint6.TaskReview.V10.Test", "Tyuiu.IvanovJD.Sprint6.TaskReview.V10.Test\Tyuiu.IvanovJD.Sprint6.TaskReview.V10.Test.csproj", "{94CB3CC4-B51D-4E9F-BC2E-74C4AE91CAF3}"
EndProject
Project("{FAE04EC0-301F-11D3-BF4B-00C04F79EFBC}") = "Tyuiu.IvanovJD.Sprint6.TaskReview.V10.Lib", "Tyuiu.IvanovJD.Sprint6.TaskReview.V10.Lib\Tyuiu.IvanovJD.Sprint6.TaskReview.V10.Lib.csproj", "{9A3C5AFF-4936-4586-92F4-31201047355D}"
EndProject
Project("{FAE04EC0-301F-11D3-BF4B-00C04F79EFBC}") = "Tyuiu.IvanovJD.Sprint6.TaskReview.V10", "Tyuiu.IvanovJD.Sprint6.TaskReview.V10\Tyuiu.IvanovJD.Sprint6.TaskReview.V10.csproj", "{19C80759-2F60-4F95-A21B-863C0E527616}"
EndProject
Global
	GlobalSection(SolutionConfigurationPlatforms) = preSolution
		Debug|Any CPU = Debug|Any CPU
		Release|Any CPU = Release|Any CPU
	EndGlobalSection
	GlobalSection(ProjectConfigurationPlatforms) = postSolution
		{94CB3CC4-B51D-4E9F-BC2E-74C4AE91CAF3}.Debug|Any CPU.ActiveCfg = Debug|Any CPU
		{94CB3CC4-B51D-4E9F-BC2E-74C4AE91CAF3}.Debug|Any CPU.Build.0 = Debug|Any CPU
		{94CB3CC4-B51D-4E9F-BC2E-74C4AE91CAF3}.Release|Any CPU.ActiveCfg = Release|Any CPU
		{94CB3CC4-B51D-4E9F-BC2E-74C4AE91CAF3}.Release|Any CPU.Build.0 = Release|Any CPU
		{9A3C5AFF-4936-4586-92F4-31201047355D}.Debug|Any CPU.ActiveCfg = Debug|Any CPU
		{9A3C5AFF-4936-4586-92F4-31201047355D}.Debug|Any CPU.Build.0 = Debug|Any CPU
		{9A3C5AFF-4936-4586-92F4-31201047355D}.Release|Any CPU.ActiveCfg = Release|Any CPU
		{9A3C5AFF-4936-4586-92F4-31201047355D}.Release|Any CPU.Build.0 = Release|Any CPU
		{19C80759-2F60-4F95-A21B-863C0E527616}.Debug|Any CPU.ActiveCfg = Debug|Any CPU
		{19C80759-2F60-4F95-A21B-863C0E527616}.Debug|Any CPU.Build.0 = Debug|Any CPU
		{19C80759-2F60-4F95-A21B-863C0E527616}.Release|Any CPU.ActiveCfg = Release|Any CPU
		{19C80759-2F60-4F95-A21B-863C0E527616}.Release|Any CPU.Build.0 = Release|Any CPU
	EndGlobalSection
	GlobalSection(SolutionProperties) = preSolution
		HideSolutionNode = FALSE
	EndGlobalSection
	GlobalSection(NestedProjects) = preSolution
		{94CB3CC4-B51D-4E9F-BC2E-74C4AE91CAF3} = {D5274DA5-940D-4869-96AF-95D4F0AB413B}
		{9A3C5AFF-4936-4586-92F4-31201047355D} = {D5274DA5-940D-4869-96AF-95D4F0AB413B}
		{19C80759-2F60-4F95-A21B-863C0E527616} = {D5274DA5-940D-4869-96AF-95D4F0AB413B}
	EndGlobalSection
	GlobalSection(ExtensibilityGlobals) = postSolution
		SolutionGuid = {89B990D5-7296-4F23-B7F1-3E3084C6DDE9}
	EndGlobalSection
EndGlobal
